# THIS IS AN AUTOGENERATED FILE. DO NOT EDIT THIS FILE DIRECTLY.
# yarn lockfile v1


"@bower_components/angular-bootstrap@angular-ui/bootstrap-bower#2.5.x":
  version "2.5.0"
  resolved "https://codeload.github.com/angular-ui/bootstrap-bower/tar.gz/752d6a79f500391a7efb06d80f37405c920a6f2b"

"@bower_components/angular@angular/bower-angular#1.6.x":
  version "1.6.10"
  resolved "https://codeload.github.com/angular/bower-angular/tar.gz/309e7f82ecc9098e1f93870eb33083b84dead289"

"@bower_components/bootstrap@twbs/bootstrap#3.3.x":
  version "3.3.7"
  resolved "https://codeload.github.com/twbs/bootstrap/tar.gz/0b9c4a4007c44201dce9a6cc1a38407005c26c86"

"@bower_components/components-font-awesome@components/font-awesome#4.7.x":
  version "4.7.0"
  resolved "https://codeload.github.com/components/font-awesome/tar.gz/885308b939369d147bec93174722786bc2c4eedd"

"@playwright/test@^1.58.2":
  version "1.58.2"
  resolved "https://registry.yarnpkg.com/@playwright/test/-/test-1.58.2.tgz#b0ad585d2e950d690ef52424967a42f40c6d2cbd"
  integrity sha512-akea+6bHYBBfA9uQqSYmlJXn61cTa+jbO87xVLCWbTqbWadRVmhxlXATaOjOgcBaWU4ePo0wB41KMFv3o35IXA==
  dependencies:
    playwright "1.58.2"

fsevents@2.3.2:
  version "2.3.2"
  resolved "https://registry.yarnpkg.com/fsevents/-/fsevents-2.3.2.tgz#8a526f78b8fdf4623b709e0b975c52c24c02fd1a"
  integrity sha512-xiqMQR4xAeHTuB9uWm+fFRcIOgKBMiOBP+eXiyT7jsgVCq1bkVygt00oASowB7EdtpOHaaPgKt812P9ab+DDKA==

npm-check-updates@19.6.5:
  version "19.6.5"
  resolved "https://registry.yarnpkg.com/npm-check-updates/-/npm-check-updates-19.6.5.tgz#ed3a79c6857d66951d0dbe275368f6d337d80c1f"
  integrity sha512-XlBUMC30relXfEerrnX239W9iB30U6Woz0Hj42Sv6iSF4EGOvj2mS2r45sZ3RglH0VPBxXOWooMxObZ/SMZhrw==

playwright-core@1.58.2:
  version "1.58.2"
  resolved "https://registry.yarnpkg.com/playwright-core/-/playwright-core-1.58.2.tgz#ac5f5b4b10d29bcf934415f0b8d133b34b0dcb13"
  integrity sha512-yZkEtftgwS8CsfYo7nm0KE8jsvm6i/PTgVtB8DL726wNf6H2IMsDuxCpJj59KDaxCtSnrWan2AeDqM7JBaultg==

playwright@1.58.2, playwright@^1.58.2:
  version "1.58.2"
  resolved "https://registry.yarnpkg.com/playwright/-/playwright-1.58.2.tgz#afe547164539b0bcfcb79957394a7a3fa8683cfd"
  integrity sha512-vA30H8Nvkq/cPBnNw4Q8TWz1EJyqgpuinBcHET0YVJVFldr8JDNiU9LaWAE1KqSkRYazuaBhTpB5ZzShOezQ6A==
  dependencies:
    playwright-core "1.58.2"
  optionalDependencies:
    fsevents "2.3.2"
