# THIS IS AN AUTOGENERATED FILE. DO NOT EDIT THIS FILE DIRECTLY.
# yarn lockfile v1


"@bower_components/angular-bootstrap@angular-ui/bootstrap-bower#2.5.x":
  version "2.5.0"
  resolved "https://codeload.github.com/angular-ui/bootstrap-bower/tar.gz/752d6a79f500391a7efb06d80f37405c920a6f2b"

"@bower_components/angular@angular/bower-angular#v1.8.3":
  version "1.8.3"
  resolved "https://codeload.github.com/angular/bower-angular/tar.gz/142f3c4bc7d43b6de39581a0d886bbf97f8b62ef"

"@bower_components/bootstrap@twbs/bootstrap#v5.3.8":
  version "5.3.8"
  resolved "https://codeload.github.com/twbs/bootstrap/tar.gz/25aa8cc0b32f0d1a54be575347e6d84b70b1acd7"

"@bower_components/components-font-awesome@components/font-awesome#6.5.2":
  version "6.5.2"
  resolved "https://codeload.github.com/components/font-awesome/tar.gz/399200378d29bacb524c0e19318ea5ff5d74aa7f"

"@playwright/test@^1.62.0":
  version "1.62.0"
  resolved "https://registry.yarnpkg.com/@playwright/test/-/test-1.62.0.tgz#dab444563549f4cc94caacb7d6a72067bff4aac6"
  integrity sha512-9zOJ6ZQRAena31MpOH9VSzIz8Ou3YJ/wtY/eQm5T2uhfhG7/U3COrMS8xOtUrZrp9OgdmzEnIYODye3nY1VqzA==
  dependencies:
    playwright "1.62.0"

fsevents@2.3.2:
  version "2.3.2"
  resolved "https://registry.yarnpkg.com/fsevents/-/fsevents-2.3.2.tgz#8a526f78b8fdf4623b709e0b975c52c24c02fd1a"
  integrity sha512-xiqMQR4xAeHTuB9uWm+fFRcIOgKBMiOBP+eXiyT7jsgVCq1bkVygt00oASowB7EdtpOHaaPgKt812P9ab+DDKA==

npm-check-updates@23.0.0:
  version "23.0.0"
  resolved "https://registry.yarnpkg.com/npm-check-updates/-/npm-check-updates-23.0.0.tgz#ffbd4f0da69f88f1a9601a6088df1a452e3b26f8"
  integrity sha512-B7dvnnS4Tm/4YQghXjBgGBDuHsk88hqCmr4ZuCr0nscsPzf/QVMls5mT8ZUcHrcrFRBP1afB2KNuJo8Px55DrA==

playwright-core@1.62.0:
  version "1.62.0"
  resolved "https://registry.yarnpkg.com/playwright-core/-/playwright-core-1.62.0.tgz#66f50795fa22d4ccb1a6f70d82264f07171fa3b5"
  integrity sha512-nsNRyq0r2zsG8AcRHWknc9QRA5XCueC7gWMrs+Gx2tlZn9hcl8zudfh00lhJPY1DE7NmZ6bDsT9g2yey8mXljA==

playwright-core@1.62.1:
  version "1.62.1"
  resolved "https://registry.yarnpkg.com/playwright-core/-/playwright-core-1.62.1.tgz#120f67a19181bfd183c60fa903c0d99330b56785"
  integrity sha512-wPYSwEBJY9GHraISXqyqtx0na0LpO3XEX7jNDhntbex7tzUS7kLnZsOlFruFJB4Hi/rhDMjXGqHewDZ68nYZVw==

playwright@1.62.0:
  version "1.62.0"
  resolved "https://registry.yarnpkg.com/playwright/-/playwright-1.62.0.tgz#eddedb94b0e492a6c7425a602b0eadea35c71526"
  integrity sha512-Z14dG305dgaLu6foB1TXQagFiW8JfSUIUaUuPaKQ6NtBPKF1P/qXcqfh6c6K/icPqdy37JmjbiBXf6JNg6Sylw==
  dependencies:
    playwright-core "1.62.0"
  optionalDependencies:
    fsevents "2.3.2"

playwright@^1.62.1:
  version "1.62.1"
  resolved "https://registry.yarnpkg.com/playwright/-/playwright-1.62.1.tgz#8447b6755e8aec85a3cb7207c823e3ed2fc66700"
  integrity sha512-0M+L3LAD8/nm554LOla9Ayx0j0tmFZ0FBcoQ7F1VuVHpM/XpiC8RcDzBQB8W5+hA8L22THxELzeF+2WcUzvcLg==
  dependencies:
    playwright-core "1.62.1"
  optionalDependencies:
    fsevents "2.3.2"
