# THIS IS AN AUTOGENERATED FILE. DO NOT EDIT THIS FILE DIRECTLY.
# yarn lockfile v1


"@bower_components/angular-bootstrap@angular-ui/bootstrap-bower#2.5.x":
  version "2.5.0"
  resolved "https://codeload.github.com/angular-ui/bootstrap-bower/tar.gz/752d6a79f500391a7efb06d80f37405c920a6f2b"

"@bower_components/angular@angular/bower-angular#v1.8.3":
  version "1.8.3"
  resolved "https://codeload.github.com/angular/bower-angular/tar.gz/142f3c4bc7d43b6de39581a0d886bbf97f8b62ef"

"@bower_components/bootstrap@twbs/bootstrap#v5.3.8":
  version "5.3.8"
  resolved "https://codeload.github.com/twbs/bootstrap/tar.gz/25aa8cc0b32f0d1a54be575347e6d84b70b1acd7"

"@bower_components/components-font-awesome@components/font-awesome#6.5.2":
  version "6.5.2"
  resolved "https://codeload.github.com/components/font-awesome/tar.gz/399200378d29bacb524c0e19318ea5ff5d74aa7f"

"@playwright/test@^1.61.0":
  version "1.61.0"
  resolved "https://registry.yarnpkg.com/@playwright/test/-/test-1.61.0.tgz#dcc3d43e581aab2985d70413309d89350e980ad8"
  integrity sha512-cKA5B6lpFEMyMGjxF54QihfYpB4FkEGH+qZhtArDEG+wezQAJY8Pq6C7T1SjWz+FFzt3TbyoXBQYk/0292TdJA==
  dependencies:
    playwright "1.61.0"

fsevents@2.3.2:
  version "2.3.2"
  resolved "https://registry.yarnpkg.com/fsevents/-/fsevents-2.3.2.tgz#8a526f78b8fdf4623b709e0b975c52c24c02fd1a"
  integrity sha512-xiqMQR4xAeHTuB9uWm+fFRcIOgKBMiOBP+eXiyT7jsgVCq1bkVygt00oASowB7EdtpOHaaPgKt812P9ab+DDKA==

npm-check-updates@22.2.9:
  version "22.2.9"
  resolved "https://registry.yarnpkg.com/npm-check-updates/-/npm-check-updates-22.2.9.tgz#d0ea02f973e070d3a3b6ef0c165e7bd6d20dc993"
  integrity sha512-DVeZ0KirHfliSsHuR2o7cHE+tW439sVHfJjF6cGWeDiY0Wyl3BI/jS4zV0eixtcMOquFbcF1Su/FsxOvk5MoYA==

playwright-core@1.61.0:
  version "1.61.0"
  resolved "https://registry.yarnpkg.com/playwright-core/-/playwright-core-1.61.0.tgz#caf8078b2a39cd7738dc75ec11cb3b47f385c3f0"
  integrity sha512-caX7TrY3Ml6egyDX0WUcTHDxodl/b51y5wJOdCEA36QviK/s2g081hvmGs8eaE3DWb6NYZQ6BjO/QkNRPenoPA==

playwright@1.61.0, playwright@^1.58.2:
  version "1.61.0"
  resolved "https://registry.yarnpkg.com/playwright/-/playwright-1.61.0.tgz#7082df3df08ffa82b11420ea5fae84a40bd16e3f"
  integrity sha512-Z+7BeeqQPRRzklHsVFP4KTGIyMxKUmfeRA4WisM6G3/XW6nwGeX6fX9qYaDa+CiUqpOkb2f6X3nar05R3kSuJQ==
  dependencies:
    playwright-core "1.61.0"
  optionalDependencies:
    fsevents "2.3.2"
